
Microsoft Visual Studio Solution File, Format Version 12.00
# Visual Studio Version 17
VisualStudioVersion = 17.0.32112.339
MinimumVisualStudioVersion = 10.0.40219.1
Project("{8BC9CEB8-8B4A-11D0-8D11-00A0C91BC942}") = "ЛАБ4.55", "ЛАБ4.55.vcxproj", "{0EACF6F5-A804-4C3D-8B32-5768854F0B07}"
EndProject
Global
	GlobalSection(SolutionConfigurationPlatforms) = preSolution
		Debug|x64 = Debug|x64
		Debug|x86 = Debug|x86
		Release|x64 = Release|x64
		Release|x86 = Release|x86
	EndGlobalSection
	GlobalSection(ProjectConfigurationPlatforms) = postSolution
		{0EACF6F5-A804-4C3D-8B32-5768854F0B07}.Debug|x64.ActiveCfg = Debug|x64
		{0EACF6F5-A804-4C3D-8B32-5768854F0B07}.Debug|x64.Build.0 = Debug|x64
		{0EACF6F5-A804-4C3D-8B32-5768854F0B07}.Debug|x86.ActiveCfg = Debug|Win32
		{0EACF6F5-A804-4C3D-8B32-5768854F0B07}.Debug|x86.Build.0 = Debug|Win32
		{0EACF6F5-A804-4C3D-8B32-5768854F0B07}.Release|x64.ActiveCfg = Release|x64
		{0EACF6F5-A804-4C3D-8B32-5768854F0B07}.Release|x64.Build.0 = Release|x64
		{0EACF6F5-A804-4C3D-8B32-5768854F0B07}.Release|x86.ActiveCfg = Release|Win32
		{0EACF6F5-A804-4C3D-8B32-5768854F0B07}.Release|x86.Build.0 = Release|Win32
	EndGlobalSection
	GlobalSection(SolutionProperties) = preSolution
		HideSolutionNode = FALSE
	EndGlobalSection
	GlobalSection(ExtensibilityGlobals) = postSolution
		SolutionGuid = {6BAB290C-6623-4744-92FF-67F33AC6F48C}
	EndGlobalSection
EndGlobal
